
Microsoft Visual Studio Solution File, Format Version 12.00
Project("{FAE04EC0-301F-11D3-BF4B-00C04F79EFBC}") = "Tutorial4", "Tutorial4\Tutorial4.csproj", "{B53B93CA-B91A-4472-9DC1-B417A89D22C5}"
EndProject
Project("{FAE04EC0-301F-11D3-BF4B-00C04F79EFBC}") = "Tutorial4Tests", "Tutorial4Tests\Tutorial4Tests.csproj", "{4AC3081C-36AE-4B03-B223-332AF4E68228}"
EndProject
Global
	GlobalSection(SolutionConfigurationPlatforms) = preSolution
		Debug|Any CPU = Debug|Any CPU
		Release|Any CPU = Release|Any CPU
	EndGlobalSection
	GlobalSection(ProjectConfigurationPlatforms) = postSolution
		{B53B93CA-B91A-4472-9DC1-B417A89D22C5}.Debug|Any CPU.ActiveCfg = Debug|Any CPU
		{B53B93CA-B91A-4472-9DC1-B417A89D22C5}.Debug|Any CPU.Build.0 = Debug|Any CPU
		{B53B93CA-B91A-4472-9DC1-B417A89D22C5}.Release|Any CPU.ActiveCfg = Release|Any CPU
		{B53B93CA-B91A-4472-9DC1-B417A89D22C5}.Release|Any CPU.Build.0 = Release|Any CPU
		{4AC3081C-36AE-4B03-B223-332AF4E68228}.Debug|Any CPU.ActiveCfg = Debug|Any CPU
		{4AC3081C-36AE-4B03-B223-332AF4E68228}.Debug|Any CPU.Build.0 = Debug|Any CPU
		{4AC3081C-36AE-4B03-B223-332AF4E68228}.Release|Any CPU.ActiveCfg = Release|Any CPU
		{4AC3081C-36AE-4B03-B223-332AF4E68228}.Release|Any CPU.Build.0 = Release|Any CPU
	EndGlobalSection
EndGlobal
